{
  "nodes": {
    "aagl": {
      "inputs": {
        "flake-compat": "flake-compat",
        "nixpkgs": [
          "nixpkgs"
        ],
        "rust-overlay": "rust-overlay"
      },
      "locked": {
        "lastModified": 1764168798,
        "narHash": "sha256-aB2OhrotdYU8w3uQLio5a/IiyAQvzywOKr81oldqxss=",
        "owner": "ezKEa",
        "repo": "aagl-gtk-on-nix",
        "rev": "e272196d003064dfb177ed9cae6a12021b806048",
        "type": "github"
      },
      "original": {
        "owner": "ezKEa",
        "ref": "release-25.11",
        "repo": "aagl-gtk-on-nix",
        "type": "github"
      }
    },
    "flake-compat": {
      "flake": false,
      "locked": {
        "lastModified": 1761588595,
        "narHash": "sha256-XKUZz9zewJNUj46b4AJdiRZJAvSZ0Dqj2BNfXvFlJC4=",
        "owner": "edolstra",
        "repo": "flake-compat",
        "rev": "f387cd2afec9419c8ee37694406ca490c3f34ee5",
        "type": "github"
      },
      "original": {
        "owner": "edolstra",
        "repo": "flake-compat",
        "type": "github"
      }
    },
    "flake-parts": {
      "inputs": {
        "nixpkgs-lib": [
          "nixvim",
          "nixpkgs"
        ]
      },
      "locked": {
        "lastModified": 1763759067,
        "narHash": "sha256-LlLt2Jo/gMNYAwOgdRQBrsRoOz7BPRkzvNaI/fzXi2Q=",
        "owner": "hercules-ci",
        "repo": "flake-parts",
        "rev": "2cccadc7357c0ba201788ae99c4dfa90728ef5e0",
        "type": "github"
      },
      "original": {
        "owner": "hercules-ci",
        "repo": "flake-parts",
        "type": "github"
      }
    },
    "flake-utils": {
      "inputs": {
        "systems": "systems"
      },
      "locked": {
        "lastModified": 1731533236,
        "narHash": "sha256-l0KFg5HjrsfsO/JpG+r7fRrqm12kzFHyUHqHCVpMMbI=",
        "owner": "numtide",
        "repo": "flake-utils",
        "rev": "11707dc2f618dd54ca8739b309ec4fc024de578b",
        "type": "github"
      },
      "original": {
        "owner": "numtide",
        "repo": "flake-utils",
        "type": "github"
      }
    },
    "flake-utils_2": {
      "inputs": {
        "systems": "systems_2"
      },
      "locked": {
        "lastModified": 1731533236,
        "narHash": "sha256-l0KFg5HjrsfsO/JpG+r7fRrqm12kzFHyUHqHCVpMMbI=",
        "owner": "numtide",
        "repo": "flake-utils",
        "rev": "11707dc2f618dd54ca8739b309ec4fc024de578b",
        "type": "github"
      },
      "original": {
        "owner": "numtide",
        "repo": "flake-utils",
        "type": "github"
      }
    },
    "home-manager": {
      "inputs": {
        "nixpkgs": [
          "nixpkgs"
        ]
      },
      "locked": {
        "lastModified": 1764536451,
        "narHash": "sha256-BgtcUkBfItu9/yU14IgUaj4rYOanTOUZjUfBP20/ZB4=",
        "owner": "nix-community",
        "repo": "home-manager",
        "rev": "3fdd076e08049a9c7a83149b270440d9787d2df5",
        "type": "github"
      },
      "original": {
        "owner": "nix-community",
        "ref": "release-25.11",
        "repo": "home-manager",
        "type": "github"
      }
    },
    "ixx": {
      "inputs": {
        "flake-utils": [
          "nixvim",
          "nuschtosSearch",
          "flake-utils"
        ],
        "nixpkgs": [
          "nixvim",
          "nuschtosSearch",
          "nixpkgs"
        ]
      },
      "locked": {
        "lastModified": 1754860581,
        "narHash": "sha256-EM0IE63OHxXCOpDHXaTyHIOk2cNvMCGPqLt/IdtVxgk=",
        "owner": "NuschtOS",
        "repo": "ixx",
        "rev": "babfe85a876162c4acc9ab6fb4483df88fa1f281",
        "type": "github"
      },
      "original": {
        "owner": "NuschtOS",
        "ref": "v0.1.1",
        "repo": "ixx",
        "type": "github"
      }
    },
    "my-keyboard": {
      "inputs": {
        "flake-utils": "flake-utils",
        "nixpkgs": [
          "nixpkgs"
        ],
        "rust-overlay": "rust-overlay_2"
      },
      "locked": {
        "lastModified": 1759275187,
        "narHash": "sha256-KCbqNGuM3S5gwTk70bU6p95lBuSy4GQDtrllHsU/kM0=",
        "owner": "Vulae",
        "repo": "my-keyboard",
        "rev": "348d52d10bfff5b85d1636509c5c9263384f9022",
        "type": "github"
      },
      "original": {
        "owner": "Vulae",
        "repo": "my-keyboard",
        "type": "github"
      }
    },
    "nixpkgs": {
      "locked": {
        "lastModified": 1744536153,
        "narHash": "sha256-awS2zRgF4uTwrOKwwiJcByDzDOdo3Q1rPZbiHQg/N38=",
        "owner": "NixOS",
        "repo": "nixpkgs",
        "rev": "18dd725c29603f582cf1900e0d25f9f1063dbf11",
        "type": "github"
      },
      "original": {
        "owner": "NixOS",
        "ref": "nixpkgs-unstable",
        "repo": "nixpkgs",
        "type": "github"
      }
    },
    "nixpkgs_2": {
      "locked": {
        "lastModified": 1744536153,
        "narHash": "sha256-awS2zRgF4uTwrOKwwiJcByDzDOdo3Q1rPZbiHQg/N38=",
        "owner": "NixOS",
        "repo": "nixpkgs",
        "rev": "18dd725c29603f582cf1900e0d25f9f1063dbf11",
        "type": "github"
      },
      "original": {
        "owner": "NixOS",
        "ref": "nixpkgs-unstable",
        "repo": "nixpkgs",
        "type": "github"
      }
    },
    "nixpkgs_3": {
      "locked": {
        "lastModified": 1764494334,
        "narHash": "sha256-x2xCEXUlU4Ap56+t5HaoReOQ/bV/bIQ5rzTn/m+V3HQ=",
        "owner": "nixos",
        "repo": "nixpkgs",
        "rev": "d542db745310b6929708d9abea513f3ff19b1341",
        "type": "github"
      },
      "original": {
        "owner": "nixos",
        "ref": "nixos-25.11",
        "repo": "nixpkgs",
        "type": "github"
      }
    },
    "nixvim": {
      "inputs": {
        "flake-parts": "flake-parts",
        "nixpkgs": [
          "nixpkgs"
        ],
        "nuschtosSearch": "nuschtosSearch",
        "systems": "systems_3"
      },
      "locked": {
        "lastModified": 1764538972,
        "narHash": "sha256-G+TNek01gaoje0kcMN9hZ3JL4xiMc0tUqDxzKL8B/f8=",
        "owner": "nix-community",
        "repo": "nixvim",
        "rev": "967ba0bbe11cb9e5db56449c56e9d061c2915857",
        "type": "github"
      },
      "original": {
        "owner": "nix-community",
        "ref": "nixos-25.11",
        "repo": "nixvim",
        "type": "github"
      }
    },
    "nuschtosSearch": {
      "inputs": {
        "flake-utils": "flake-utils_2",
        "ixx": "ixx",
        "nixpkgs": [
          "nixvim",
          "nixpkgs"
        ]
      },
      "locked": {
        "lastModified": 1761730856,
        "narHash": "sha256-t1i5p/vSWwueZSC0Z2BImxx3BjoUDNKyC2mk24krcMY=",
        "owner": "NuschtOS",
        "repo": "search",
        "rev": "e29de6db0cb3182e9aee75a3b1fd1919d995d85b",
        "type": "github"
      },
      "original": {
        "owner": "NuschtOS",
        "repo": "search",
        "type": "github"
      }
    },
    "root": {
      "inputs": {
        "aagl": "aagl",
        "home-manager": "home-manager",
        "my-keyboard": "my-keyboard",
        "nixpkgs": "nixpkgs_3",
        "nixvim": "nixvim"
      }
    },
    "rust-overlay": {
      "inputs": {
        "nixpkgs": "nixpkgs"
      },
      "locked": {
        "lastModified": 1764124769,
        "narHash": "sha256-vcoOEy3i8AGJi3Y2C48hrf6CuL2h8W1gLe1gNt72Kxg=",
        "owner": "oxalica",
        "repo": "rust-overlay",
        "rev": "5da8c00313b4434f00aed6b4c94cd3b207bafdc5",
        "type": "github"
      },
      "original": {
        "owner": "oxalica",
        "repo": "rust-overlay",
        "type": "github"
      }
    },
    "rust-overlay_2": {
      "inputs": {
        "nixpkgs": "nixpkgs_2"
      },
      "locked": {
        "lastModified": 1749782305,
        "narHash": "sha256-h6jWS89SZyI5ACe/Ac2Yn7Qf+Uhb1yawbtpEqgV1h8E=",
        "owner": "oxalica",
        "repo": "rust-overlay",
        "rev": "dc62b7639a9dcab4ab1246876fd0df8412a4a824",
        "type": "github"
      },
      "original": {
        "owner": "oxalica",
        "repo": "rust-overlay",
        "type": "github"
      }
    },
    "systems": {
      "locked": {
        "lastModified": 1681028828,
        "narHash": "sha256-Vy1rq5AaRuLzOxct8nz4T6wlgyUR7zLU309k9mBC768=",
        "owner": "nix-systems",
        "repo": "default",
        "rev": "da67096a3b9bf56a91d16901293e51ba5b49a27e",
        "type": "github"
      },
      "original": {
        "owner": "nix-systems",
        "repo": "default",
        "type": "github"
      }
    },
    "systems_2": {
      "locked": {
        "lastModified": 1681028828,
        "narHash": "sha256-Vy1rq5AaRuLzOxct8nz4T6wlgyUR7zLU309k9mBC768=",
        "owner": "nix-systems",
        "repo": "default",
        "rev": "da67096a3b9bf56a91d16901293e51ba5b49a27e",
        "type": "github"
      },
      "original": {
        "owner": "nix-systems",
        "repo": "default",
        "type": "github"
      }
    },
    "systems_3": {
      "locked": {
        "lastModified": 1681028828,
        "narHash": "sha256-Vy1rq5AaRuLzOxct8nz4T6wlgyUR7zLU309k9mBC768=",
        "owner": "nix-systems",
        "repo": "default",
        "rev": "da67096a3b9bf56a91d16901293e51ba5b49a27e",
        "type": "github"
      },
      "original": {
        "owner": "nix-systems",
        "repo": "default",
        "type": "github"
      }
    }
  },
  "root": "root",
  "version": 7
}
